
Microsoft Visual Studio Solution File, Format Version 12.00
# Visual Studio Version 17
VisualStudioVersion = 17.5.2.0
MinimumVisualStudioVersion = 10.0.40219.1
Project("{FAE04EC0-301F-11D3-BF4B-00C04F79EFBC}") = "ytdlp.Api", "ytdlp.Api\ytdlp.Api.csproj", "{1264FE42-0C34-ADDD-B818-A2D5F7DDA9A7}"
EndProject
Project("{FAE04EC0-301F-11D3-BF4B-00C04F79EFBC}") = "ytdlp.Services", "ytdlp.Services\ytdlp.Services.csproj", "{D8CF6B3D-B278-4461-8AD6-45470027C104}"
EndProject
Project("{FAE04EC0-301F-11D3-BF4B-00C04F79EFBC}") = "ytdlp.Tests", "ytdlp.Tests\ytdlp.Tests.csproj", "{FB75073A-2EE9-47C1-A64D-A3D9E18CA2A5}"
EndProject
Global
	GlobalSection(SolutionConfigurationPlatforms) = preSolution
		Debug|Any CPU = Debug|Any CPU
		Debug|x64 = Debug|x64
		Debug|x86 = Debug|x86
		Release|Any CPU = Release|Any CPU
		Release|x64 = Release|x64
		Release|x86 = Release|x86
	EndGlobalSection
	GlobalSection(ProjectConfigurationPlatforms) = postSolution
		{1264FE42-0C34-ADDD-B818-A2D5F7DDA9A7}.Debug|Any CPU.ActiveCfg = Debug|Any CPU
		{1264FE42-0C34-ADDD-B818-A2D5F7DDA9A7}.Debug|Any CPU.Build.0 = Debug|Any CPU
		{1264FE42-0C34-ADDD-B818-A2D5F7DDA9A7}.Debug|x64.ActiveCfg = Debug|Any CPU
		{1264FE42-0C34-ADDD-B818-A2D5F7DDA9A7}.Debug|x64.Build.0 = Debug|Any CPU
		{1264FE42-0C34-ADDD-B818-A2D5F7DDA9A7}.Debug|x86.ActiveCfg = Debug|Any CPU
		{1264FE42-0C34-ADDD-B818-A2D5F7DDA9A7}.Debug|x86.Build.0 = Debug|Any CPU
		{1264FE42-0C34-ADDD-B818-A2D5F7DDA9A7}.Release|Any CPU.ActiveCfg = Release|Any CPU
		{1264FE42-0C34-ADDD-B818-A2D5F7DDA9A7}.Release|Any CPU.Build.0 = Release|Any CPU
		{1264FE42-0C34-ADDD-B818-A2D5F7DDA9A7}.Release|x64.ActiveCfg = Release|Any CPU
		{1264FE42-0C34-ADDD-B818-A2D5F7DDA9A7}.Release|x64.Build.0 = Release|Any CPU
		{1264FE42-0C34-ADDD-B818-A2D5F7DDA9A7}.Release|x86.ActiveCfg = Release|Any CPU
		{1264FE42-0C34-ADDD-B818-A2D5F7DDA9A7}.Release|x86.Build.0 = Release|Any CPU
		{D8CF6B3D-B278-4461-8AD6-45470027C104}.Debug|Any CPU.ActiveCfg = Debug|Any CPU
		{D8CF6B3D-B278-4461-8AD6-45470027C104}.Debug|Any CPU.Build.0 = Debug|Any CPU
		{D8CF6B3D-B278-4461-8AD6-45470027C104}.Debug|x64.ActiveCfg = Debug|Any CPU
		{D8CF6B3D-B278-4461-8AD6-45470027C104}.Debug|x64.Build.0 = Debug|Any CPU
		{D8CF6B3D-B278-4461-8AD6-45470027C104}.Debug|x86.ActiveCfg = Debug|Any CPU
		{D8CF6B3D-B278-4461-8AD6-45470027C104}.Debug|x86.Build.0 = Debug|Any CPU
		{D8CF6B3D-B278-4461-8AD6-45470027C104}.Release|Any CPU.ActiveCfg = Release|Any CPU
		{D8CF6B3D-B278-4461-8AD6-45470027C104}.Release|Any CPU.Build.0 = Release|Any CPU
		{D8CF6B3D-B278-4461-8AD6-45470027C104}.Release|x64.ActiveCfg = Release|Any CPU
		{D8CF6B3D-B278-4461-8AD6-45470027C104}.Release|x64.Build.0 = Release|Any CPU
		{D8CF6B3D-B278-4461-8AD6-45470027C104}.Release|x86.ActiveCfg = Release|Any CPU
		{D8CF6B3D-B278-4461-8AD6-45470027C104}.Release|x86.Build.0 = Release|Any CPU
		{FB75073A-2EE9-47C1-A64D-A3D9E18CA2A5}.Debug|Any CPU.ActiveCfg = Debug|Any CPU
		{FB75073A-2EE9-47C1-A64D-A3D9E18CA2A5}.Debug|Any CPU.Build.0 = Debug|Any CPU
		{FB75073A-2EE9-47C1-A64D-A3D9E18CA2A5}.Debug|x64.ActiveCfg = Debug|Any CPU
		{FB75073A-2EE9-47C1-A64D-A3D9E18CA2A5}.Debug|x64.Build.0 = Debug|Any CPU
		{FB75073A-2EE9-47C1-A64D-A3D9E18CA2A5}.Debug|x86.ActiveCfg = Debug|Any CPU
		{FB75073A-2EE9-47C1-A64D-A3D9E18CA2A5}.Debug|x86.Build.0 = Debug|Any CPU
		{FB75073A-2EE9-47C1-A64D-A3D9E18CA2A5}.Release|Any CPU.ActiveCfg = Release|Any CPU
		{FB75073A-2EE9-47C1-A64D-A3D9E18CA2A5}.Release|Any CPU.Build.0 = Release|Any CPU
		{FB75073A-2EE9-47C1-A64D-A3D9E18CA2A5}.Release|x64.ActiveCfg = Release|Any CPU
		{FB75073A-2EE9-47C1-A64D-A3D9E18CA2A5}.Release|x64.Build.0 = Release|Any CPU
		{FB75073A-2EE9-47C1-A64D-A3D9E18CA2A5}.Release|x86.ActiveCfg = Release|Any CPU
		{FB75073A-2EE9-47C1-A64D-A3D9E18CA2A5}.Release|x86.Build.0 = Release|Any CPU
	EndGlobalSection
	GlobalSection(SolutionProperties) = preSolution
		HideSolutionNode = FALSE
	EndGlobalSection
	GlobalSection(ExtensibilityGlobals) = postSolution
		SolutionGuid = {DD82E1F6-E060-4D53-BA6B-4A852C58B7BE}
	EndGlobalSection
EndGlobal
